
Microsoft Visual Studio Solution File, Format Version 12.00
# Visual Studio Version 16
VisualStudioVersion = 16.0.30114.105
MinimumVisualStudioVersion = 10.0.40219.1
Project("{9A19103F-16F7-4668-BE54-9A1E7A4F7556}") = "BidshaBridge", "BidshaBridge\BidshaBridge.csproj", "{5953CC88-BBAC-4C46-9743-34428F65E6E7}"
EndProject
Project("{9A19103F-16F7-4668-BE54-9A1E7A4F7556}") = "BlueIrisClient", "BlueIrisClient\BlueIrisClient.csproj", "{52D1E2FA-C615-48F2-AF12-5074A918DD62}"
EndProject
Project("{9A19103F-16F7-4668-BE54-9A1E7A4F7556}") = "TestApp", "BlueIrisClientApp\TestApp.csproj", "{DB1F259C-0595-4453-995C-02A646E61321}"
EndProject
Project("{2150E333-8FDC-42A3-9474-1A3956D46DE8}") = "Solution Items", "Solution Items", "{FA8ACFD2-33EA-41AA-9FA8-9FA690685025}"
	ProjectSection(SolutionItems) = preProject
		.editorconfig = .editorconfig
	EndProjectSection
EndProject
Project("{9A19103F-16F7-4668-BE54-9A1E7A4F7556}") = "DeepStackClient", "DeepStackClient\DeepStackClient.csproj", "{AE45EDD4-7501-4438-BB70-0D7AEFE859BD}"
EndProject
Project("{9A19103F-16F7-4668-BE54-9A1E7A4F7556}") = "HomeAssistantClient", "HomeAssistantClient\HomeAssistantClient.csproj", "{906F77E8-C4FE-4AC9-B1F3-D7278CA12C7A}"
EndProject
Global
	GlobalSection(SolutionConfigurationPlatforms) = preSolution
		Debug|Any CPU = Debug|Any CPU
		Release|Any CPU = Release|Any CPU
	EndGlobalSection
	GlobalSection(ProjectConfigurationPlatforms) = postSolution
		{5953CC88-BBAC-4C46-9743-34428F65E6E7}.Debug|Any CPU.ActiveCfg = Debug|Any CPU
		{5953CC88-BBAC-4C46-9743-34428F65E6E7}.Debug|Any CPU.Build.0 = Debug|Any CPU
		{5953CC88-BBAC-4C46-9743-34428F65E6E7}.Release|Any CPU.ActiveCfg = Release|Any CPU
		{5953CC88-BBAC-4C46-9743-34428F65E6E7}.Release|Any CPU.Build.0 = Release|Any CPU
		{52D1E2FA-C615-48F2-AF12-5074A918DD62}.Debug|Any CPU.ActiveCfg = Debug|Any CPU
		{52D1E2FA-C615-48F2-AF12-5074A918DD62}.Debug|Any CPU.Build.0 = Debug|Any CPU
		{52D1E2FA-C615-48F2-AF12-5074A918DD62}.Release|Any CPU.ActiveCfg = Release|Any CPU
		{52D1E2FA-C615-48F2-AF12-5074A918DD62}.Release|Any CPU.Build.0 = Release|Any CPU
		{DB1F259C-0595-4453-995C-02A646E61321}.Debug|Any CPU.ActiveCfg = Debug|Any CPU
		{DB1F259C-0595-4453-995C-02A646E61321}.Debug|Any CPU.Build.0 = Debug|Any CPU
		{DB1F259C-0595-4453-995C-02A646E61321}.Release|Any CPU.ActiveCfg = Release|Any CPU
		{DB1F259C-0595-4453-995C-02A646E61321}.Release|Any CPU.Build.0 = Release|Any CPU
		{AE45EDD4-7501-4438-BB70-0D7AEFE859BD}.Debug|Any CPU.ActiveCfg = Debug|Any CPU
		{AE45EDD4-7501-4438-BB70-0D7AEFE859BD}.Debug|Any CPU.Build.0 = Debug|Any CPU
		{AE45EDD4-7501-4438-BB70-0D7AEFE859BD}.Release|Any CPU.ActiveCfg = Release|Any CPU
		{AE45EDD4-7501-4438-BB70-0D7AEFE859BD}.Release|Any CPU.Build.0 = Release|Any CPU
		{906F77E8-C4FE-4AC9-B1F3-D7278CA12C7A}.Debug|Any CPU.ActiveCfg = Debug|Any CPU
		{906F77E8-C4FE-4AC9-B1F3-D7278CA12C7A}.Debug|Any CPU.Build.0 = Debug|Any CPU
		{906F77E8-C4FE-4AC9-B1F3-D7278CA12C7A}.Release|Any CPU.ActiveCfg = Release|Any CPU
		{906F77E8-C4FE-4AC9-B1F3-D7278CA12C7A}.Release|Any CPU.Build.0 = Release|Any CPU
	EndGlobalSection
	GlobalSection(SolutionProperties) = preSolution
		HideSolutionNode = FALSE
	EndGlobalSection
	GlobalSection(ExtensibilityGlobals) = postSolution
		SolutionGuid = {EDFDAC44-60A3-4308-96D5-D619CD8206FF}
	EndGlobalSection
EndGlobal
